
Microsoft Visual Studio Solution File, Format Version 12.00
# Visual Studio 15
VisualStudioVersion = 15.0.28307.572
MinimumVisualStudioVersion = 10.0.40219.1
Project("{FAE04EC0-301F-11D3-BF4B-00C04F79EFBC}") = "RTTest1", "RTTest1.csproj", "{571ADC3A-D853-4E2B-8526-8DC271ABC84E}"
EndProject
Project("{2150E333-8FDC-42A3-9474-1A3956D46DE8}") = "Solution Items", "Solution Items", "{12FC00F7-AD90-4C4C-A493-FF44A3462FBE}"
EndProject
Global
	GlobalSection(SolutionConfigurationPlatforms) = preSolution
		Debug|Any CPU = Debug|Any CPU
		Release|Any CPU = Release|Any CPU
	EndGlobalSection
	GlobalSection(ProjectConfigurationPlatforms) = postSolution
		{571ADC3A-D853-4E2B-8526-8DC271ABC84E}.Debug|Any CPU.ActiveCfg = Debug|Any CPU
		{571ADC3A-D853-4E2B-8526-8DC271ABC84E}.Debug|Any CPU.Build.0 = Debug|Any CPU
		{571ADC3A-D853-4E2B-8526-8DC271ABC84E}.Release|Any CPU.ActiveCfg = Release|Any CPU
		{571ADC3A-D853-4E2B-8526-8DC271ABC84E}.Release|Any CPU.Build.0 = Release|Any CPU
	EndGlobalSection
	GlobalSection(SolutionProperties) = preSolution
		HideSolutionNode = FALSE
	EndGlobalSection
	GlobalSection(ExtensibilityGlobals) = postSolution
		SolutionGuid = {8EEA5ADD-CC33-4971-AC4C-CF76CF4480DC}
	EndGlobalSection
EndGlobal
